<?xml version="1.0" encoding="utf-8"?>
<Project ToolsVersion="4.0" xmlns="http://schemas.microsoft.com/developer/msbuild/2003">
  <ItemGroup>
    <Filter Include="Base">
      <UniqueIdentifier>{36a4e775-4fae-4fdd-8e21-586cebe3142a}</UniqueIdentifier>
    </Filter>
    <Filter Include="ScanLineRenderer">
      <UniqueIdentifier>{76de8573-926b-496c-8836-7485698092e8}</UniqueIdentifier>
    </Filter>
    <Filter Include="Interaction">
      <UniqueIdentifier>{33bcbec0-5389-4d17-aedf-be73fcf99958}</UniqueIdentifier>
    </Filter>
    <Filter Include="IO">
      <UniqueIdentifier>{fc4ca51a-fd89-4683-82dd-97a9720a7c13}</UniqueIdentifier>
    </Filter>
    <Filter Include="PBR">
      <UniqueIdentifier>{521edfdb-b420-4450-b0d7-80698fe6aedc}</UniqueIdentifier>
    </Filter>
    <Filter Include="PostProcess">
      <UniqueIdentifier>{1425f13e-a513-43dc-872f-5d1d7e56a655}</UniqueIdentifier>
    </Filter>
    <Filter Include="Sampler">
      <UniqueIdentifier>{c10a63ef-cb26-4541-9ac6-04574f25aa48}</UniqueIdentifier>
    </Filter>
    <Filter Include="RayTracer">
      <UniqueIdentifier>{7028f743-4946-4801-ac62-23e81bcdbe13}</UniqueIdentifier>
    </Filter>
    <Filter Include="Scene">
      <UniqueIdentifier>{02e18c51-ac76-4382-a724-e00e0a85c5fd}</UniqueIdentifier>
    </Filter>
  </ItemGroup>
  <ItemGroup>
    <ClInclude Include="..\..\Include\Base\Common.hpp">
      <Filter>Base</Filter>
    </ClInclude>
    <ClInclude Include="..\..\Include\Base\DataSet.hpp">
      <Filter>Base</Filter>
    </ClInclude>
    <ClInclude Include="..\..\Include\Base\Pipeline.hpp">
      <Filter>Base</Filter>
    </ClInclude>
    <ClInclude Include="..\..\Include\Base\Builtin.hpp">
      <Filter>Base</Filter>
    </ClInclude>
    <ClInclude Include="..\..\Include\Interaction\OpenGL.hpp">
      <Filter>Interaction</Filter>
    </ClInclude>
    <ClInclude Include="..\..\Include\IO\Image.hpp">
      <Filter>IO</Filter>
    </ClInclude>
    <ClInclude Include="..\..\Include\IO\Model.hpp">
      <Filter>IO</Filter>
    </ClInclude>
    <ClInclude Include="..\..\Include\IO\Video.hpp">
      <Filter>IO</Filter>
    </ClInclude>
    <ClInclude Include="..\..\Include\ScanLineRenderer\DepthBuffer.hpp">
      <Filter>ScanLineRenderer</Filter>
    </ClInclude>
    <ClInclude Include="..\..\Include\PBR\BRDF.hpp">
      <Filter>PBR</Filter>
    </ClInclude>
    <ClInclude Include="..\..\Include\PostProcess\ToneMapping.hpp">
      <Filter>PostProcess</Filter>
    </ClInclude>
    <ClInclude Include="..\..\Include\PBR\DataDrivenBRDF.hpp">
      <Filter>PBR</Filter>
    </ClInclude>
    <ClInclude Include="..\..\Include\Base\Constant.hpp">
      <Filter>Base</Filter>
    </ClInclude>
    <ClInclude Include="..\..\Include\ScanLineRenderer\Primitive.hpp">
      <Filter>ScanLineRenderer</Filter>
    </ClInclude>
    <ClInclude Include="..\..\Include\PBR\PhotorealisticRendering.hpp">
      <Filter>PBR</Filter>
    </ClInclude>
    <ClInclude Include="..\..\Include\ScanLineRenderer\TriangleRasterizer.hpp">
      <Filter>ScanLineRenderer</Filter>
    </ClInclude>
    <ClInclude Include="..\..\Include\ScanLineRenderer\LineRasterizer.hpp">
      <Filter>ScanLineRenderer</Filter>
    </ClInclude>
    <ClInclude Include="..\..\Include\Base\DispatchSystem.hpp">
      <Filter>Base</Filter>
    </ClInclude>
    <ClInclude Include="..\..\Include\PBR\Dist.hpp">
      <Filter>PBR</Filter>
    </ClInclude>
    <ClInclude Include="..\..\Include\Sampler\SequenceGenerator.hpp">
      <Filter>Sampler</Filter>
    </ClInclude>
    <ClInclude Include="..\..\Include\Base\Memory.hpp">
      <Filter>Base</Filter>
    </ClInclude>
    <ClInclude Include="..\..\Include\Base\Math.hpp">
      <Filter>Base</Filter>
    </ClInclude>
    <ClInclude Include="..\..\Include\ScanLineRenderer\RenderingCache.hpp">
      <Filter>ScanLineRenderer</Filter>
    </ClInclude>
    <ClInclude Include="..\..\Include\Base\Queue.hpp">
      <Filter>Base</Filter>
    </ClInclude>
    <ClInclude Include="..\..\Include\Base\CompileBegin.hpp">
      <Filter>Base</Filter>
    </ClInclude>
    <ClInclude Include="..\..\Include\Base\CompileEnd.hpp">
      <Filter>Base</Filter>
    </ClInclude>
    <ClInclude Include="..\..\Include\ScanLineRenderer\Vertex.hpp">
      <Filter>ScanLineRenderer</Filter>
    </ClInclude>
    <ClInclude Include="..\..\Include\ScanLineRenderer\PointRasterizer.hpp">
      <Filter>ScanLineRenderer</Filter>
    </ClInclude>
    <ClInclude Include="..\..\Include\ScanLineRenderer\PostProcess.hpp">
      <Filter>ScanLineRenderer</Filter>
    </ClInclude>
    <ClInclude Include="..\..\Include\Scene\ECS.hpp">
      <Filter>Scene</Filter>
    </ClInclude>
    <ClInclude Include="..\..\Include\Base\Environment.hpp">
      <Filter>Base</Filter>
    </ClInclude>
    <ClInclude Include="..\..\Include\Interaction\SwapChain.hpp">
      <Filter>Interaction</Filter>
    </ClInclude>
    <ClInclude Include="..\..\Include\ScanLineRenderer\SphereRasterizer.hpp">
      <Filter>ScanLineRenderer</Filter>
    </ClInclude>
    <ClInclude Include="..\..\Include\ScanLineRenderer\Shared.hpp">
      <Filter>ScanLineRenderer</Filter>
    </ClInclude>
    <ClInclude Include="..\..\Include\Base\Config.hpp">
      <Filter>Base</Filter>
    </ClInclude>
    <ClInclude Include="..\..\Include\Interaction\Counter.hpp">
      <Filter>Interaction</Filter>
    </ClInclude>
    <ClInclude Include="..\..\Include\Interaction\SoftwareRenderer.hpp">
      <Filter>Interaction</Filter>
    </ClInclude>
    <ClInclude Include="..\..\Include\ScanLineRenderer\IndexDescriptor.hpp">
      <Filter>ScanLineRenderer</Filter>
    </ClInclude>
    <ClInclude Include="..\..\Include\Interaction\D3D11.hpp">
      <Filter>Interaction</Filter>
    </ClInclude>
  </ItemGroup>
  <ItemGroup>
    <ClCompile Include="..\..\Src\Base\Common.cpp">
      <Filter>Base</Filter>
    </ClCompile>
    <ClCompile Include="..\..\Src\IO\Model.cpp">
      <Filter>IO</Filter>
    </ClCompile>
    <ClCompile Include="..\..\Src\Base\DispatchSystem.cpp">
      <Filter>Base</Filter>
    </ClCompile>
    <ClCompile Include="..\..\Src\Base\Memory.cpp">
      <Filter>Base</Filter>
    </ClCompile>
    <ClCompile Include="..\..\Src\Base\Pipeline.cpp">
      <Filter>Base</Filter>
    </ClCompile>
    <ClCompile Include="..\..\Src\Scene\ECS.cpp">
      <Filter>Scene</Filter>
    </ClCompile>
    <ClCompile Include="..\..\Src\Base\Environment.cpp">
      <Filter>Base</Filter>
    </ClCompile>
    <ClCompile Include="..\..\Src\Interaction\OpenGL.cpp">
      <Filter>Interaction</Filter>
    </ClCompile>
    <ClCompile Include="..\..\Src\Interaction\D3D11.cpp">
      <Filter>Interaction</Filter>
    </ClCompile>
    <ClCompile Include="..\..\Src\Interaction\Counter.cpp">
      <Filter>Interaction</Filter>
    </ClCompile>
  </ItemGroup>
  <ItemGroup>
    <CudaCompile Include="..\..\Src\IO\Image.cu">
      <Filter>IO</Filter>
    </CudaCompile>
    <CudaCompile Include="..\..\Src\PBR\DataDrivenBRDF.cu">
      <Filter>PBR</Filter>
    </CudaCompile>
    <CudaCompile Include="..\..\Src\Base\Constant.cu">
      <Filter>Base</Filter>
    </CudaCompile>
    <CudaCompile Include="..\..\Src\ScanLineRenderer\LineRasterizer.cu">
      <Filter>ScanLineRenderer</Filter>
    </CudaCompile>
    <CudaCompile Include="..\..\Src\ScanLineRenderer\SphereRasterizer.cu">
      <Filter>ScanLineRenderer</Filter>
    </CudaCompile>
    <CudaCompile Include="..\..\Src\ScanLineRenderer\Shared.cu">
      <Filter>ScanLineRenderer</Filter>
    </CudaCompile>
    <CudaCompile Include="..\..\Src\Interaction\SoftwareRenderer.cu">
      <Filter>Interaction</Filter>
    </CudaCompile>
  </ItemGroup>
</Project>