<?xml version="1.0" encoding="utf-8"?>
<Project ToolsVersion="4.0" xmlns="http://schemas.microsoft.com/developer/msbuild/2003">
  <ItemGroup>
    <Filter Include="Base">
      <UniqueIdentifier>{36a4e775-4fae-4fdd-8e21-586cebe3142a}</UniqueIdentifier>
    </Filter>
    <Filter Include="ScanLineRenderer">
      <UniqueIdentifier>{76de8573-926b-496c-8836-7485698092e8}</UniqueIdentifier>
    </Filter>
    <Filter Include="Interaction">
      <UniqueIdentifier>{33bcbec0-5389-4d17-aedf-be73fcf99958}</UniqueIdentifier>
    </Filter>
    <Filter Include="IO">
      <UniqueIdentifier>{fc4ca51a-fd89-4683-82dd-97a9720a7c13}</UniqueIdentifier>
    </Filter>
    <Filter Include="PBR">
      <UniqueIdentifier>{521edfdb-b420-4450-b0d7-80698fe6aedc}</UniqueIdentifier>
    </Filter>
    <Filter Include="PostProcess">
      <UniqueIdentifier>{1425f13e-a513-43dc-872f-5d1d7e56a655}</UniqueIdentifier>
    </Filter>
    <Filter Include="Interaction\IMGUI">
      <UniqueIdentifier>{3940d887-bf99-457d-8239-8c36a3bfdd9b}</UniqueIdentifier>
    </Filter>
  </ItemGroup>
  <ItemGroup>
    <ClInclude Include="..\..\Include\Base\Common.hpp">
      <Filter>Base</Filter>
    </ClInclude>
    <ClInclude Include="..\..\Include\Base\DataSet.hpp">
      <Filter>Base</Filter>
    </ClInclude>
    <ClInclude Include="..\..\Include\Base\Types.hpp">
      <Filter>Base</Filter>
    </ClInclude>
    <ClInclude Include="..\..\Include\ScanLineRenderer\ScanLine.hpp">
      <Filter>ScanLineRenderer</Filter>
    </ClInclude>
    <ClInclude Include="..\..\Include\ScanLineRenderer\ScanLineRenderer.hpp">
      <Filter>ScanLineRenderer</Filter>
    </ClInclude>
    <ClInclude Include="..\..\Include\ScanLineRenderer\TriangleRasterizater.hpp">
      <Filter>ScanLineRenderer</Filter>
    </ClInclude>
    <ClInclude Include="..\..\Include\Base\Pipeline.hpp">
      <Filter>Base</Filter>
    </ClInclude>
    <ClInclude Include="..\..\Include\Base\Builtin.hpp">
      <Filter>Base</Filter>
    </ClInclude>
    <ClInclude Include="..\..\Include\Interaction\OpenGL.hpp">
      <Filter>Interaction</Filter>
    </ClInclude>
    <ClInclude Include="..\..\Include\IO\Image.hpp">
      <Filter>IO</Filter>
    </ClInclude>
    <ClInclude Include="..\..\Include\IO\Model.hpp">
      <Filter>IO</Filter>
    </ClInclude>
    <ClInclude Include="..\..\Include\IO\Video.hpp">
      <Filter>IO</Filter>
    </ClInclude>
    <ClInclude Include="..\..\Include\ScanLineRenderer\DepthBuffer.hpp">
      <Filter>ScanLineRenderer</Filter>
    </ClInclude>
    <ClInclude Include="..\..\Include\PBR\BRDF.hpp">
      <Filter>PBR</Filter>
    </ClInclude>
    <ClInclude Include="..\..\Include\PostProcess\ToneMapping.hpp">
      <Filter>PostProcess</Filter>
    </ClInclude>
    <ClInclude Include="..\..\Include\PBR\DataDrivenBRDF.hpp">
      <Filter>PBR</Filter>
    </ClInclude>
    <ClInclude Include="..\..\Include\Base\Constant.hpp">
      <Filter>Base</Filter>
    </ClInclude>
    <ClInclude Include="..\..\Include\ScanLineRenderer\Primitive.hpp">
      <Filter>ScanLineRenderer</Filter>
    </ClInclude>
    <ClInclude Include="..\..\Include\PBR\PhotorealisticRendering.hpp">
      <Filter>PBR</Filter>
    </ClInclude>
    <ClInclude Include="..\..\ThirdParty\IMGUI\imconfig.h">
      <Filter>Interaction\IMGUI</Filter>
    </ClInclude>
    <ClInclude Include="..\..\ThirdParty\IMGUI\imgui.h">
      <Filter>Interaction\IMGUI</Filter>
    </ClInclude>
    <ClInclude Include="..\..\ThirdParty\IMGUI\imgui_impl_glfw_gl3.h">
      <Filter>Interaction\IMGUI</Filter>
    </ClInclude>
    <ClInclude Include="..\..\ThirdParty\IMGUI\imgui_internal.h">
      <Filter>Interaction\IMGUI</Filter>
    </ClInclude>
  </ItemGroup>
  <ItemGroup>
    <ClCompile Include="..\..\Src\Base\Common.cpp">
      <Filter>Base</Filter>
    </ClCompile>
    <ClCompile Include="..\..\Src\Base\Pipeline.cpp">
      <Filter>Base</Filter>
    </ClCompile>
    <ClCompile Include="..\..\Src\IO\Model.cpp">
      <Filter>IO</Filter>
    </ClCompile>
    <ClCompile Include="..\..\ThirdParty\IMGUI\imgui.cpp">
      <Filter>Interaction\IMGUI</Filter>
    </ClCompile>
    <ClCompile Include="..\..\ThirdParty\IMGUI\imgui_impl_glfw_gl3.cpp">
      <Filter>Interaction\IMGUI</Filter>
    </ClCompile>
    <ClCompile Include="..\..\ThirdParty\IMGUI\imgui_draw.cpp">
      <Filter>Interaction\IMGUI</Filter>
    </ClCompile>
  </ItemGroup>
  <ItemGroup>
    <CudaCompile Include="..\..\Src\Interaction\OpenGL.cu">
      <Filter>Interaction</Filter>
    </CudaCompile>
    <CudaCompile Include="..\..\Src\IO\Image.cu">
      <Filter>IO</Filter>
    </CudaCompile>
    <CudaCompile Include="..\..\Src\PBR\DataDrivenBRDF.cu">
      <Filter>PBR</Filter>
    </CudaCompile>
    <CudaCompile Include="..\..\Src\Base\Constant.cu">
      <Filter>Base</Filter>
    </CudaCompile>
  </ItemGroup>
</Project>